
Microsoft Visual Studio Solution File, Format Version 12.00
# Visual Studio 2012
Project("{FAE04EC0-301F-11D3-BF4B-00C04F79EFBC}") = "RomanNumeralsKata", "RomanNumeralsKata\RomanNumeralsKata.csproj", "{5ED30EA4-13F4-471C-8E84-EF7AA36D9A2E}"
EndProject
Project("{FAE04EC0-301F-11D3-BF4B-00C04F79EFBC}") = "RomanNumeralsKata.Tests", "RomanNumeralsKata.Test\RomanNumeralsKata.Tests.csproj", "{EC7FFCD5-61E4-4A68-A186-C9CA8DCA2DA2}"
EndProject
Global
	GlobalSection(SolutionConfigurationPlatforms) = preSolution
		Debug|Any CPU = Debug|Any CPU
		Release|Any CPU = Release|Any CPU
	EndGlobalSection
	GlobalSection(ProjectConfigurationPlatforms) = postSolution
		{5ED30EA4-13F4-471C-8E84-EF7AA36D9A2E}.Debug|Any CPU.ActiveCfg = Debug|Any CPU
		{5ED30EA4-13F4-471C-8E84-EF7AA36D9A2E}.Debug|Any CPU.Build.0 = Debug|Any CPU
		{5ED30EA4-13F4-471C-8E84-EF7AA36D9A2E}.Release|Any CPU.ActiveCfg = Release|Any CPU
		{5ED30EA4-13F4-471C-8E84-EF7AA36D9A2E}.Release|Any CPU.Build.0 = Release|Any CPU
		{EC7FFCD5-61E4-4A68-A186-C9CA8DCA2DA2}.Debug|Any CPU.ActiveCfg = Debug|Any CPU
		{EC7FFCD5-61E4-4A68-A186-C9CA8DCA2DA2}.Debug|Any CPU.Build.0 = Debug|Any CPU
		{EC7FFCD5-61E4-4A68-A186-C9CA8DCA2DA2}.Release|Any CPU.ActiveCfg = Release|Any CPU
		{EC7FFCD5-61E4-4A68-A186-C9CA8DCA2DA2}.Release|Any CPU.Build.0 = Release|Any CPU
	EndGlobalSection
	GlobalSection(SolutionProperties) = preSolution
		HideSolutionNode = FALSE
	EndGlobalSection
EndGlobal
